
Microsoft Visual Studio Solution File, Format Version 12.00
# Visual Studio 15
VisualStudioVersion = 15.0.27004.2005
MinimumVisualStudioVersion = 10.0.40219.1
Project("{9A19103F-16F7-4668-BE54-9A1E7A4F7556}") = "UICore", "_SRC_UICore\UICore.csproj", "{80E5BE48-E523-410A-A101-7E43385A5C20}"
EndProject
Project("{9A19103F-16F7-4668-BE54-9A1E7A4F7556}") = "DAL", "_SRC_DAL\DAL.csproj", "{F18225BA-803E-4592-AC0B-F87DBFD3BFAD}"
EndProject
Project("{9A19103F-16F7-4668-BE54-9A1E7A4F7556}") = "BL", "_SRC_BL\BL.csproj", "{3F57F92E-88C7-46BE-BEFC-D9224A0930F1}"
EndProject
Project("{9A19103F-16F7-4668-BE54-9A1E7A4F7556}") = "Services", "_SRC_Services\Services.csproj", "{45C9980B-9DF8-4B20-98F8-5EEADF6E590F}"
EndProject
Project("{9A19103F-16F7-4668-BE54-9A1E7A4F7556}") = "TL", "_SRC_TL\TL.csproj", "{E629E16A-B547-45D2-B052-CA7A08BA9A02}"
EndProject
Project("{00D1A9C2-B5F0-4AF3-8072-F6C62B433612}") = "DB", "_SRC_DB\DB.sqlproj", "{AD5EE00D-90D5-431C-999F-C244833775FE}"
EndProject
Global
	GlobalSection(SolutionConfigurationPlatforms) = preSolution
		Debug|Any CPU = Debug|Any CPU
		Release|Any CPU = Release|Any CPU
	EndGlobalSection
	GlobalSection(ProjectConfigurationPlatforms) = postSolution
		{80E5BE48-E523-410A-A101-7E43385A5C20}.Debug|Any CPU.ActiveCfg = Debug|Any CPU
		{80E5BE48-E523-410A-A101-7E43385A5C20}.Debug|Any CPU.Build.0 = Debug|Any CPU
		{80E5BE48-E523-410A-A101-7E43385A5C20}.Release|Any CPU.ActiveCfg = Release|Any CPU
		{80E5BE48-E523-410A-A101-7E43385A5C20}.Release|Any CPU.Build.0 = Release|Any CPU
		{F18225BA-803E-4592-AC0B-F87DBFD3BFAD}.Debug|Any CPU.ActiveCfg = Debug|Any CPU
		{F18225BA-803E-4592-AC0B-F87DBFD3BFAD}.Debug|Any CPU.Build.0 = Debug|Any CPU
		{F18225BA-803E-4592-AC0B-F87DBFD3BFAD}.Release|Any CPU.ActiveCfg = Release|Any CPU
		{F18225BA-803E-4592-AC0B-F87DBFD3BFAD}.Release|Any CPU.Build.0 = Release|Any CPU
		{3F57F92E-88C7-46BE-BEFC-D9224A0930F1}.Debug|Any CPU.ActiveCfg = Debug|Any CPU
		{3F57F92E-88C7-46BE-BEFC-D9224A0930F1}.Debug|Any CPU.Build.0 = Debug|Any CPU
		{3F57F92E-88C7-46BE-BEFC-D9224A0930F1}.Release|Any CPU.ActiveCfg = Release|Any CPU
		{3F57F92E-88C7-46BE-BEFC-D9224A0930F1}.Release|Any CPU.Build.0 = Release|Any CPU
		{45C9980B-9DF8-4B20-98F8-5EEADF6E590F}.Debug|Any CPU.ActiveCfg = Debug|Any CPU
		{45C9980B-9DF8-4B20-98F8-5EEADF6E590F}.Debug|Any CPU.Build.0 = Debug|Any CPU
		{45C9980B-9DF8-4B20-98F8-5EEADF6E590F}.Release|Any CPU.ActiveCfg = Release|Any CPU
		{45C9980B-9DF8-4B20-98F8-5EEADF6E590F}.Release|Any CPU.Build.0 = Release|Any CPU
		{E629E16A-B547-45D2-B052-CA7A08BA9A02}.Debug|Any CPU.ActiveCfg = Debug|Any CPU
		{E629E16A-B547-45D2-B052-CA7A08BA9A02}.Debug|Any CPU.Build.0 = Debug|Any CPU
		{E629E16A-B547-45D2-B052-CA7A08BA9A02}.Release|Any CPU.ActiveCfg = Release|Any CPU
		{E629E16A-B547-45D2-B052-CA7A08BA9A02}.Release|Any CPU.Build.0 = Release|Any CPU
		{AD5EE00D-90D5-431C-999F-C244833775FE}.Debug|Any CPU.ActiveCfg = Debug|Any CPU
		{AD5EE00D-90D5-431C-999F-C244833775FE}.Debug|Any CPU.Build.0 = Debug|Any CPU
		{AD5EE00D-90D5-431C-999F-C244833775FE}.Debug|Any CPU.Deploy.0 = Debug|Any CPU
		{AD5EE00D-90D5-431C-999F-C244833775FE}.Release|Any CPU.ActiveCfg = Release|Any CPU
		{AD5EE00D-90D5-431C-999F-C244833775FE}.Release|Any CPU.Build.0 = Release|Any CPU
		{AD5EE00D-90D5-431C-999F-C244833775FE}.Release|Any CPU.Deploy.0 = Release|Any CPU
	EndGlobalSection
	GlobalSection(SolutionProperties) = preSolution
		HideSolutionNode = FALSE
	EndGlobalSection
	GlobalSection(ExtensibilityGlobals) = postSolution
		SolutionGuid = {4295E647-35A0-4D39-B671-A6ABBFED4197}
	EndGlobalSection
EndGlobal
